
Microsoft Visual Studio Solution File, Format Version 12.00
# Visual Studio Version 16
VisualStudioVersion = 16.0.30804.86
MinimumVisualStudioVersion = 10.0.40219.1
Project("{FAE04EC0-301F-11D3-BF4B-00C04F79EFBC}") = "B171210036", "B171210036\B171210036.csproj", "{11BDA434-FABF-4814-AB75-B039A95F786A}"
EndProject
Global
	GlobalSection(SolutionConfigurationPlatforms) = preSolution
		Debug|Any CPU = Debug|Any CPU
		Release|Any CPU = Release|Any CPU
	EndGlobalSection
	GlobalSection(ProjectConfigurationPlatforms) = postSolution
		{11BDA434-FABF-4814-AB75-B039A95F786A}.Debug|Any CPU.ActiveCfg = Debug|Any CPU
		{11BDA434-FABF-4814-AB75-B039A95F786A}.Debug|Any CPU.Build.0 = Debug|Any CPU
		{11BDA434-FABF-4814-AB75-B039A95F786A}.Release|Any CPU.ActiveCfg = Release|Any CPU
		{11BDA434-FABF-4814-AB75-B039A95F786A}.Release|Any CPU.Build.0 = Release|Any CPU
	EndGlobalSection
	GlobalSection(SolutionProperties) = preSolution
		HideSolutionNode = FALSE
	EndGlobalSection
	GlobalSection(ExtensibilityGlobals) = postSolution
		SolutionGuid = {3626CE39-DF14-4206-BCB4-04C8624B9571}
	EndGlobalSection
EndGlobal
